lockfileVersion: '9.0'

settings:
  autoInstallPeers: true
  excludeLinksFromLockfile: false

importers:

  .:
    dependencies:
      openai:
        specifier: 6.39.0
        version: 6.39.0

packages:

  openai@6.39.0:
    resolution: {integrity: sha512-O61LIsimY3acVabwvomwFhwrnN36yvHY2quIfy9keEcFytGgWeV35yLHQ6NVMLSBxRpHmcg2yuhCnlu2HT4pLQ==}
    hasBin: true
    peerDependencies:
      ws: ^8.18.0
      zod: ^3.25 || ^4.0
    peerDependenciesMeta:
      ws:
        optional: true
      zod:
        optional: true

snapshots:

  openai@6.39.0: {}
